
Microsoft Visual Studio Solution File, Format Version 12.00
# Visual Studio 14
VisualStudioVersion = 14.0.25420.1
MinimumVisualStudioVersion = 10.0.40219.1
Project("{FAE04EC0-301F-11D3-BF4B-00C04F79EFBC}") = "V2RayW", "V2RayW\V2RayW.csproj", "{73F85A97-8CBB-49AF-AF0C-0F11F9D2ED17}"
EndProject
Global
	GlobalSection(SolutionConfigurationPlatforms) = preSolution
		Debug|Any CPU = Debug|Any CPU
		Release|Any CPU = Release|Any CPU
	EndGlobalSection
	GlobalSection(ProjectConfigurationPlatforms) = postSolution
		{73F85A97-8CBB-49AF-AF0C-0F11F9D2ED17}.Debug|Any CPU.ActiveCfg = Debug|Any CPU
		{73F85A97-8CBB-49AF-AF0C-0F11F9D2ED17}.Debug|Any CPU.Build.0 = Debug|Any CPU
		{73F85A97-8CBB-49AF-AF0C-0F11F9D2ED17}.Release|Any CPU.ActiveCfg = Release|Any CPU
		{73F85A97-8CBB-49AF-AF0C-0F11F9D2ED17}.Release|Any CPU.Build.0 = Release|Any CPU
	EndGlobalSection
	GlobalSection(SolutionProperties) = preSolution
		HideSolutionNode = FALSE
	EndGlobalSection
EndGlobal
